
Microsoft Visual Studio Solution File, Format Version 12.00
# Visual Studio Version 17
VisualStudioVersion = 17.6.33829.357
MinimumVisualStudioVersion = 10.0.40219.1
Project("{9A19103F-16F7-4668-BE54-9A1E7A4F7556}") = "MVC_ComponentesCodeFirst", "TiendaOrdenadoresMVC\MVC_ComponentesCodeFirst.csproj", "{C2060E6C-559A-4DFE-A2D2-0996A6A2CE21}"
EndProject
Project("{9A19103F-16F7-4668-BE54-9A1E7A4F7556}") = "MVC_ComponentesCodeFirst.Test", "MVC_ComponentesCodeFirst.Test\MVC_ComponentesCodeFirst.Test.csproj", "{3670EF68-A2AE-474D-B17B-185DE78968C4}"
EndProject
Project("{9A19103F-16F7-4668-BE54-9A1E7A4F7556}") = "EjercicioOrdenadores", "EjercicioOrdenadores\EjercicioOrdenadores.csproj", "{B19D9AA4-24FF-49C9-A64D-7BC0F3A920BC}"
EndProject
Project("{9A19103F-16F7-4668-BE54-9A1E7A4F7556}") = "TiendaOrdenadoresAPI", "TiendaOrdenadoresAPI\TiendaOrdenadoresAPI.csproj", "{6DB52716-9F08-4E40-AA5E-ED2F23BE0151}"
EndProject
Project("{9A19103F-16F7-4668-BE54-9A1E7A4F7556}") = "EjercicioOrdenadores.Test", "EjercicioOrdenadores.Test\EjercicioOrdenadores.Test.csproj", "{2AC82D1A-B6FD-44EF-9AFE-8CDB809B1182}"
EndProject
Project("{FAE04EC0-301F-11D3-BF4B-00C04F79EFBC}") = "TiendaOrdenadoresAPI.Test", "TiendaOrdenadoresAPI.Test\TiendaOrdenadoresAPI.Test.csproj", "{995467DE-0C80-4A5E-9EE4-FE911CC776CF}"
EndProject
Global
	GlobalSection(SolutionConfigurationPlatforms) = preSolution
		Debug|Any CPU = Debug|Any CPU
		Release|Any CPU = Release|Any CPU
	EndGlobalSection
	GlobalSection(ProjectConfigurationPlatforms) = postSolution
		{C2060E6C-559A-4DFE-A2D2-0996A6A2CE21}.Debug|Any CPU.ActiveCfg = Debug|Any CPU
		{C2060E6C-559A-4DFE-A2D2-0996A6A2CE21}.Debug|Any CPU.Build.0 = Debug|Any CPU
		{C2060E6C-559A-4DFE-A2D2-0996A6A2CE21}.Release|Any CPU.ActiveCfg = Release|Any CPU
		{C2060E6C-559A-4DFE-A2D2-0996A6A2CE21}.Release|Any CPU.Build.0 = Release|Any CPU
		{3670EF68-A2AE-474D-B17B-185DE78968C4}.Debug|Any CPU.ActiveCfg = Debug|Any CPU
		{3670EF68-A2AE-474D-B17B-185DE78968C4}.Debug|Any CPU.Build.0 = Debug|Any CPU
		{3670EF68-A2AE-474D-B17B-185DE78968C4}.Release|Any CPU.ActiveCfg = Release|Any CPU
		{3670EF68-A2AE-474D-B17B-185DE78968C4}.Release|Any CPU.Build.0 = Release|Any CPU
		{B19D9AA4-24FF-49C9-A64D-7BC0F3A920BC}.Debug|Any CPU.ActiveCfg = Debug|Any CPU
		{B19D9AA4-24FF-49C9-A64D-7BC0F3A920BC}.Debug|Any CPU.Build.0 = Debug|Any CPU
		{B19D9AA4-24FF-49C9-A64D-7BC0F3A920BC}.Release|Any CPU.ActiveCfg = Release|Any CPU
		{B19D9AA4-24FF-49C9-A64D-7BC0F3A920BC}.Release|Any CPU.Build.0 = Release|Any CPU
		{6DB52716-9F08-4E40-AA5E-ED2F23BE0151}.Debug|Any CPU.ActiveCfg = Debug|Any CPU
		{6DB52716-9F08-4E40-AA5E-ED2F23BE0151}.Debug|Any CPU.Build.0 = Debug|Any CPU
		{6DB52716-9F08-4E40-AA5E-ED2F23BE0151}.Release|Any CPU.ActiveCfg = Release|Any CPU
		{6DB52716-9F08-4E40-AA5E-ED2F23BE0151}.Release|Any CPU.Build.0 = Release|Any CPU
		{2AC82D1A-B6FD-44EF-9AFE-8CDB809B1182}.Debug|Any CPU.ActiveCfg = Debug|Any CPU
		{2AC82D1A-B6FD-44EF-9AFE-8CDB809B1182}.Debug|Any CPU.Build.0 = Debug|Any CPU
		{2AC82D1A-B6FD-44EF-9AFE-8CDB809B1182}.Release|Any CPU.ActiveCfg = Release|Any CPU
		{2AC82D1A-B6FD-44EF-9AFE-8CDB809B1182}.Release|Any CPU.Build.0 = Release|Any CPU
		{995467DE-0C80-4A5E-9EE4-FE911CC776CF}.Debug|Any CPU.ActiveCfg = Debug|Any CPU
		{995467DE-0C80-4A5E-9EE4-FE911CC776CF}.Debug|Any CPU.Build.0 = Debug|Any CPU
		{995467DE-0C80-4A5E-9EE4-FE911CC776CF}.Release|Any CPU.ActiveCfg = Release|Any CPU
		{995467DE-0C80-4A5E-9EE4-FE911CC776CF}.Release|Any CPU.Build.0 = Release|Any CPU
	EndGlobalSection
	GlobalSection(SolutionProperties) = preSolution
		HideSolutionNode = FALSE
	EndGlobalSection
	GlobalSection(ExtensibilityGlobals) = postSolution
		SolutionGuid = {44E6802D-C822-4D3E-B303-7B76C52811FA}
	EndGlobalSection
EndGlobal
